{
  "name": "intl-pluralrules",
  "version": "2.0.0-1",
  "lockfileVersion": 2,
  "requires": true,
  "packages": {
    "": {
      "name": "intl-pluralrules",
      "version": "2.0.0-1",
      "license": "ISC",
      "devDependencies": {
        "make-all-plural": "https://github.com/trial-trl/make-all-plural"
      }
    },
    "node_modules/make-all-plural": {
      "version": "7.2.0",
      "resolved": "git+ssh://git@github.com/trial-trl/make-all-plural.git#9fb592fe5dec01a81f2b5873422bb10036a43279",
      "dev": true,
      "license": "Unicode-DFS-2016"
    }
  },
  "dependencies": {
    "make-all-plural": {
      "version": "git+ssh://git@github.com/trial-trl/make-all-plural.git#9fb592fe5dec01a81f2b5873422bb10036a43279",
      "dev": true,
      "from": "make-all-plural@https://github.com/trial-trl/make-all-plural"
    }
  }
}
